
Microsoft Visual Studio Solution File, Format Version 12.00
# Visual Studio 15
VisualStudioVersion = 15.0.28307.1321
MinimumVisualStudioVersion = 10.0.40219.1
Project("{FAE04EC0-301F-11D3-BF4B-00C04F79EFBC}") = "WindowsSpeechLibTest", "WindowsSpeechLibTest\WindowsSpeechLibTest.csproj", "{BADEE78F-E7A5-4E1E-9BBD-3BBF4487B93B}"
EndProject
Project("{2150E333-8FDC-42A3-9474-1A3956D46DE8}") = "Solution Items", "Solution Items", "{B10CB09E-0656-4E6A-BD86-F7007F66336B}"
EndProject
Global
	GlobalSection(SolutionConfigurationPlatforms) = preSolution
		Debug|Any CPU = Debug|Any CPU
		Release|Any CPU = Release|Any CPU
	EndGlobalSection
	GlobalSection(ProjectConfigurationPlatforms) = postSolution
		{BADEE78F-E7A5-4E1E-9BBD-3BBF4487B93B}.Debug|Any CPU.ActiveCfg = Debug|Any CPU
		{BADEE78F-E7A5-4E1E-9BBD-3BBF4487B93B}.Debug|Any CPU.Build.0 = Debug|Any CPU
		{BADEE78F-E7A5-4E1E-9BBD-3BBF4487B93B}.Release|Any CPU.ActiveCfg = Release|Any CPU
		{BADEE78F-E7A5-4E1E-9BBD-3BBF4487B93B}.Release|Any CPU.Build.0 = Release|Any CPU
	EndGlobalSection
	GlobalSection(SolutionProperties) = preSolution
		HideSolutionNode = FALSE
	EndGlobalSection
	GlobalSection(ExtensibilityGlobals) = postSolution
		SolutionGuid = {683F029D-71C5-4925-8866-F759B976F64B}
	EndGlobalSection
EndGlobal
